
Microsoft Visual Studio Solution File, Format Version 12.00
# Visual Studio 15
VisualStudioVersion = 15.0.26124.0
MinimumVisualStudioVersion = 15.0.26124.0
Project("{FAE04EC0-301F-11D3-BF4B-00C04F79EFBC}") = "GameTOP", "GameTOP\GameTOP.csproj", "{245B1A52-0C94-495F-AD49-A32FCEA5931C}"
EndProject
Project("{FAE04EC0-301F-11D3-BF4B-00C04F79EFBC}") = "GameTOP.Lib", "GameTOP.Lib\GameTOP.Lib.csproj", "{BD137C32-3588-4002-B3B7-6708312FE24A}"
EndProject
Project("{FAE04EC0-301F-11D3-BF4B-00C04F79EFBC}") = "GameTOP.Interface", "GameTOP.Interface\GameTOP.Interface.csproj", "{1C09B033-0561-49B6-9239-A6F932BEE89B}"
EndProject
Global
	GlobalSection(SolutionConfigurationPlatforms) = preSolution
		Debug|Any CPU = Debug|Any CPU
		Debug|x64 = Debug|x64
		Debug|x86 = Debug|x86
		Release|Any CPU = Release|Any CPU
		Release|x64 = Release|x64
		Release|x86 = Release|x86
	EndGlobalSection
	GlobalSection(SolutionProperties) = preSolution
		HideSolutionNode = FALSE
	EndGlobalSection
	GlobalSection(ProjectConfigurationPlatforms) = postSolution
		{245B1A52-0C94-495F-AD49-A32FCEA5931C}.Debug|Any CPU.ActiveCfg = Debug|Any CPU
		{245B1A52-0C94-495F-AD49-A32FCEA5931C}.Debug|Any CPU.Build.0 = Debug|Any CPU
		{245B1A52-0C94-495F-AD49-A32FCEA5931C}.Debug|x64.ActiveCfg = Debug|Any CPU
		{245B1A52-0C94-495F-AD49-A32FCEA5931C}.Debug|x64.Build.0 = Debug|Any CPU
		{245B1A52-0C94-495F-AD49-A32FCEA5931C}.Debug|x86.ActiveCfg = Debug|Any CPU
		{245B1A52-0C94-495F-AD49-A32FCEA5931C}.Debug|x86.Build.0 = Debug|Any CPU
		{245B1A52-0C94-495F-AD49-A32FCEA5931C}.Release|Any CPU.ActiveCfg = Release|Any CPU
		{245B1A52-0C94-495F-AD49-A32FCEA5931C}.Release|Any CPU.Build.0 = Release|Any CPU
		{245B1A52-0C94-495F-AD49-A32FCEA5931C}.Release|x64.ActiveCfg = Release|Any CPU
		{245B1A52-0C94-495F-AD49-A32FCEA5931C}.Release|x64.Build.0 = Release|Any CPU
		{245B1A52-0C94-495F-AD49-A32FCEA5931C}.Release|x86.ActiveCfg = Release|Any CPU
		{245B1A52-0C94-495F-AD49-A32FCEA5931C}.Release|x86.Build.0 = Release|Any CPU
		{BD137C32-3588-4002-B3B7-6708312FE24A}.Debug|Any CPU.ActiveCfg = Debug|Any CPU
		{BD137C32-3588-4002-B3B7-6708312FE24A}.Debug|Any CPU.Build.0 = Debug|Any CPU
		{BD137C32-3588-4002-B3B7-6708312FE24A}.Debug|x64.ActiveCfg = Debug|Any CPU
		{BD137C32-3588-4002-B3B7-6708312FE24A}.Debug|x64.Build.0 = Debug|Any CPU
		{BD137C32-3588-4002-B3B7-6708312FE24A}.Debug|x86.ActiveCfg = Debug|Any CPU
		{BD137C32-3588-4002-B3B7-6708312FE24A}.Debug|x86.Build.0 = Debug|Any CPU
		{BD137C32-3588-4002-B3B7-6708312FE24A}.Release|Any CPU.ActiveCfg = Release|Any CPU
		{BD137C32-3588-4002-B3B7-6708312FE24A}.Release|Any CPU.Build.0 = Release|Any CPU
		{BD137C32-3588-4002-B3B7-6708312FE24A}.Release|x64.ActiveCfg = Release|Any CPU
		{BD137C32-3588-4002-B3B7-6708312FE24A}.Release|x64.Build.0 = Release|Any CPU
		{BD137C32-3588-4002-B3B7-6708312FE24A}.Release|x86.ActiveCfg = Release|Any CPU
		{BD137C32-3588-4002-B3B7-6708312FE24A}.Release|x86.Build.0 = Release|Any CPU
		{1C09B033-0561-49B6-9239-A6F932BEE89B}.Debug|Any CPU.ActiveCfg = Debug|Any CPU
		{1C09B033-0561-49B6-9239-A6F932BEE89B}.Debug|Any CPU.Build.0 = Debug|Any CPU
		{1C09B033-0561-49B6-9239-A6F932BEE89B}.Debug|x64.ActiveCfg = Debug|Any CPU
		{1C09B033-0561-49B6-9239-A6F932BEE89B}.Debug|x64.Build.0 = Debug|Any CPU
		{1C09B033-0561-49B6-9239-A6F932BEE89B}.Debug|x86.ActiveCfg = Debug|Any CPU
		{1C09B033-0561-49B6-9239-A6F932BEE89B}.Debug|x86.Build.0 = Debug|Any CPU
		{1C09B033-0561-49B6-9239-A6F932BEE89B}.Release|Any CPU.ActiveCfg = Release|Any CPU
		{1C09B033-0561-49B6-9239-A6F932BEE89B}.Release|Any CPU.Build.0 = Release|Any CPU
		{1C09B033-0561-49B6-9239-A6F932BEE89B}.Release|x64.ActiveCfg = Release|Any CPU
		{1C09B033-0561-49B6-9239-A6F932BEE89B}.Release|x64.Build.0 = Release|Any CPU
		{1C09B033-0561-49B6-9239-A6F932BEE89B}.Release|x86.ActiveCfg = Release|Any CPU
		{1C09B033-0561-49B6-9239-A6F932BEE89B}.Release|x86.Build.0 = Release|Any CPU
	EndGlobalSection
EndGlobal
